{
  "name": "Typescript",
  "lockfileVersion": 3,
  "requires": true,
  "packages": {
    "": {
      "devDependencies": {
        "typescript": "^6.0.0-dev.20251231"
      }
    },
    "node_modules/typescript": {
      "version": "6.0.0-dev.20251231",
      "resolved": "https://registry.npmjs.org/typescript/-/typescript-6.0.0-dev.20251231.tgz",
      "integrity": "sha512-CArSKxBM7uBaqjY4iz8HYaby8evlX4g2XplgMZnWGmAnNw51AoVyxvqp81coVGKX0urUBaGgrWyKqhjRPcxpgg==",
      "dev": true,
      "license": "Apache-2.0",
      "bin": {
        "tsc": "bin/tsc",
        "tsserver": "bin/tsserver"
      },
      "engines": {
        "node": ">=14.17"
      }
    }
  }
}
